
Microsoft Visual Studio Solution File, Format Version 12.00
# Visual Studio Version 16
VisualStudioVersion = 16.0.29418.71
MinimumVisualStudioVersion = 10.0.40219.1
Project("{FAE04EC0-301F-11D3-BF4B-00C04F79EFBC}") = "EnumUtil", "EnumUtil\EnumUtil.csproj", "{B406C2D4-ADEE-4634-A49C-9082CA4E36A0}"
EndProject
Project("{FAE04EC0-301F-11D3-BF4B-00C04F79EFBC}") = "EnumUtilTests", "EnumUtilTests\EnumUtilTests.csproj", "{88ED8F31-E156-4492-A9EA-55F755DC0877}"
EndProject
Global
	GlobalSection(SolutionConfigurationPlatforms) = preSolution
		Debug|Any CPU = Debug|Any CPU
		Release|Any CPU = Release|Any CPU
	EndGlobalSection
	GlobalSection(ProjectConfigurationPlatforms) = postSolution
		{B406C2D4-ADEE-4634-A49C-9082CA4E36A0}.Debug|Any CPU.ActiveCfg = Debug|Any CPU
		{B406C2D4-ADEE-4634-A49C-9082CA4E36A0}.Debug|Any CPU.Build.0 = Debug|Any CPU
		{B406C2D4-ADEE-4634-A49C-9082CA4E36A0}.Release|Any CPU.ActiveCfg = Release|Any CPU
		{B406C2D4-ADEE-4634-A49C-9082CA4E36A0}.Release|Any CPU.Build.0 = Release|Any CPU
		{88ED8F31-E156-4492-A9EA-55F755DC0877}.Debug|Any CPU.ActiveCfg = Debug|Any CPU
		{88ED8F31-E156-4492-A9EA-55F755DC0877}.Debug|Any CPU.Build.0 = Debug|Any CPU
		{88ED8F31-E156-4492-A9EA-55F755DC0877}.Release|Any CPU.ActiveCfg = Release|Any CPU
		{88ED8F31-E156-4492-A9EA-55F755DC0877}.Release|Any CPU.Build.0 = Release|Any CPU
	EndGlobalSection
	GlobalSection(SolutionProperties) = preSolution
		HideSolutionNode = FALSE
	EndGlobalSection
	GlobalSection(ExtensibilityGlobals) = postSolution
		SolutionGuid = {BE5AE301-1AB9-4B14-B20D-4E3AF57CFC6D}
	EndGlobalSection
EndGlobal
